
Microsoft Visual Studio Solution File, Format Version 12.00
# Visual Studio Version 17
VisualStudioVersion = 17.11.35312.102
MinimumVisualStudioVersion = 10.0.40219.1
Project("{FAE04EC0-301F-11D3-BF4B-00C04F79EFBC}") = "Project_TestGit", "Project_TestGit\Project_TestGit.csproj", "{FBF52924-8FD8-46B3-B7F7-FCE6B5C17059}"
EndProject
Global
	GlobalSection(SolutionConfigurationPlatforms) = preSolution
		Debug|Any CPU = Debug|Any CPU
		Release|Any CPU = Release|Any CPU
	EndGlobalSection
	GlobalSection(ProjectConfigurationPlatforms) = postSolution
		{FBF52924-8FD8-46B3-B7F7-FCE6B5C17059}.Debug|Any CPU.ActiveCfg = Debug|Any CPU
		{FBF52924-8FD8-46B3-B7F7-FCE6B5C17059}.Debug|Any CPU.Build.0 = Debug|Any CPU
		{FBF52924-8FD8-46B3-B7F7-FCE6B5C17059}.Release|Any CPU.ActiveCfg = Release|Any CPU
		{FBF52924-8FD8-46B3-B7F7-FCE6B5C17059}.Release|Any CPU.Build.0 = Release|Any CPU
	EndGlobalSection
	GlobalSection(SolutionProperties) = preSolution
		HideSolutionNode = FALSE
	EndGlobalSection
	GlobalSection(ExtensibilityGlobals) = postSolution
		SolutionGuid = {EAE114BB-9675-40D4-8B75-20616DB460D4}
	EndGlobalSection
EndGlobal
